// !$*UTF8*$!
{
	archiveVersion = 1;
	classes = {
	};
	objectVersion = 48;
	objects = {

/* Begin PBXBuildFile section */
		38DA03BADDDFB9D030E98346 /* Pods_SolarSystem.framework in Frameworks */ = {isa = PBXBuildFile; fileRef = CB90CC514A4C2BD1243260E5 /* Pods_SolarSystem.framework */; };
		C205DA8220CC56B200A8C735 /* PlanetImageTableViewCell.swift in Sources */ = {isa = PBXBuildFile; fileRef = C205DA8120CC56B200A8C735 /* PlanetImageTableViewCell.swift */; };
		C205DA8420CC593800A8C735 /* UILabel+Extensions.swift in Sources */ = {isa = PBXBuildFile; fileRef = C205DA8320CC593800A8C735 /* UILabel+Extensions.swift */; };
		C207130F1FB4B0D9009EE245 /* Video.swift in Sources */ = {isa = PBXBuildFile; fileRef = C207130E1FB4B0D9009EE245 /* Video.swift */; };
		C21600FC1FBCA9CD00DB3343 /* Networking.swift in Sources */ = {isa = PBXBuildFile; fileRef = C21600FB1FBCA9CD00DB3343 /* Networking.swift */; };
		C21600FE1FBCAEA200DB3343 /* NASAAPI.swift in Sources */ = {isa = PBXBuildFile; fileRef = C21600FD1FBCAEA200DB3343 /* NASAAPI.swift */; };
		C223B2661FBE358F00398211 /* WikiResponse.swift in Sources */ = {isa = PBXBuildFile; fileRef = C223B2651FBE358F00398211 /* WikiResponse.swift */; };
		C223B2681FBE35D100398211 /* NormalizedQuery.swift in Sources */ = {isa = PBXBuildFile; fileRef = C223B2671FBE35D100398211 /* NormalizedQuery.swift */; };
		C223B26A1FBE364800398211 /* Pages.swift in Sources */ = {isa = PBXBuildFile; fileRef = C223B2691FBE364800398211 /* Pages.swift */; };
		C223B26C1FBE367500398211 /* PageNumber.swift in Sources */ = {isa = PBXBuildFile; fileRef = C223B26B1FBE367500398211 /* PageNumber.swift */; };
		C23870C32059D4F50001A029 /* UIView+Extensions.swift in Sources */ = {isa = PBXBuildFile; fileRef = C23870C22059D4F50001A029 /* UIView+Extensions.swift */; };
		C25F9D8A20A79A0F0003E4E1 /* marsTexture.jpg in Resources */ = {isa = PBXBuildFile; fileRef = C25F9D7F20A79A0E0003E4E1 /* marsTexture.jpg */; };
		C25F9D8B20A79A0F0003E4E1 /* venusTexture.jpg in Resources */ = {isa = PBXBuildFile; fileRef = C25F9D8020A79A0E0003E4E1 /* venusTexture.jpg */; };
		C25F9D8C20A79A0F0003E4E1 /* sunTexture.jpg in Resources */ = {isa = PBXBuildFile; fileRef = C25F9D8120A79A0E0003E4E1 /* sunTexture.jpg */; };
		C25F9D8D20A79A0F0003E4E1 /* saturnTexture.jpg in Resources */ = {isa = PBXBuildFile; fileRef = C25F9D8220A79A0E0003E4E1 /* saturnTexture.jpg */; };
		C25F9D8E20A79A0F0003E4E1 /* saturnRingTexture2.jpg in Resources */ = {isa = PBXBuildFile; fileRef = C25F9D8320A79A0F0003E4E1 /* saturnRingTexture2.jpg */; };
		C25F9D8F20A79A0F0003E4E1 /* uranusTexture.jpg in Resources */ = {isa = PBXBuildFile; fileRef = C25F9D8420A79A0F0003E4E1 /* uranusTexture.jpg */; };
		C25F9D9020A79A0F0003E4E1 /* neptuneTexture.jpg in Resources */ = {isa = PBXBuildFile; fileRef = C25F9D8520A79A0F0003E4E1 /* neptuneTexture.jpg */; };
		C25F9D9120A79A0F0003E4E1 /* mercuryTexture.jpg in Resources */ = {isa = PBXBuildFile; fileRef = C25F9D8620A79A0F0003E4E1 /* mercuryTexture.jpg */; };
		C25F9D9220A79A0F0003E4E1 /* jupiterTexture.jpg in Resources */ = {isa = PBXBuildFile; fileRef = C25F9D8720A79A0F0003E4E1 /* jupiterTexture.jpg */; };
		C25F9D9320A79A0F0003E4E1 /* earthTexture.jpg in Resources */ = {isa = PBXBuildFile; fileRef = C25F9D8820A79A0F0003E4E1 /* earthTexture.jpg */; };
		C25F9D9620A79A240003E4E1 /* SceneKit Scene.scn in Resources */ = {isa = PBXBuildFile; fileRef = C25F9D9520A79A240003E4E1 /* SceneKit Scene.scn */; };
		C2623C09202B4A5800B54ECE /* Planet.swift in Sources */ = {isa = PBXBuildFile; fileRef = C2623C08202B4A5800B54ECE /* Planet.swift */; };
		C266D3471FD8437B00C68066 /* PlanetInfoTableViewCell.swift in Sources */ = {isa = PBXBuildFile; fileRef = C266D3461FD8437B00C68066 /* PlanetInfoTableViewCell.swift */; };
		C28B994A1FD85BFE008043CC /* PlanetInfoViewController.swift in Sources */ = {isa = PBXBuildFile; fileRef = C28B99491FD85BFE008043CC /* PlanetInfoViewController.swift */; };
		C2984A611FB3573800F85B2F /* Details.storyboard in Resources */ = {isa = PBXBuildFile; fileRef = C2984A601FB3573800F85B2F /* Details.storyboard */; };
		C2984A651FB3654E00F85B2F /* PhotoViewController.swift in Sources */ = {isa = PBXBuildFile; fileRef = C2984A641FB3654E00F85B2F /* PhotoViewController.swift */; };
		C2984A671FB366F600F85B2F /* PhotoCollectionViewCell.swift in Sources */ = {isa = PBXBuildFile; fileRef = C2984A661FB366F600F85B2F /* PhotoCollectionViewCell.swift */; };
		C2C943901FB0AE990041FC67 /* AppDelegate.swift in Sources */ = {isa = PBXBuildFile; fileRef = C2C9438F1FB0AE990041FC67 /* AppDelegate.swift */; };
		C2C943921FB0AE990041FC67 /* art.scnassets in Resources */ = {isa = PBXBuildFile; fileRef = C2C943911FB0AE990041FC67 /* art.scnassets */; };
		C2C943941FB0AE990041FC67 /* ARViewController.swift in Sources */ = {isa = PBXBuildFile; fileRef = C2C943931FB0AE990041FC67 /* ARViewController.swift */; };
		C2C943971FB0AE990041FC67 /* Main.storyboard in Resources */ = {isa = PBXBuildFile; fileRef = C2C943951FB0AE990041FC67 /* Main.storyboard */; };
		C2C943991FB0AE990041FC67 /* Assets.xcassets in Resources */ = {isa = PBXBuildFile; fileRef = C2C943981FB0AE990041FC67 /* Assets.xcassets */; };
		C2C9439C1FB0AE990041FC67 /* LaunchScreen.storyboard in Resources */ = {isa = PBXBuildFile; fileRef = C2C9439A1FB0AE990041FC67 /* LaunchScreen.storyboard */; };
		C2C943A41FB0BAB60041FC67 /* PlanetsCollectionViewController.swift in Sources */ = {isa = PBXBuildFile; fileRef = C2C943A31FB0BAB60041FC67 /* PlanetsCollectionViewController.swift */; };
		C2C943A61FB0C7F30041FC67 /* PlanetsCollectionViewCell.swift in Sources */ = {isa = PBXBuildFile; fileRef = C2C943A51FB0C7F30041FC67 /* PlanetsCollectionViewCell.swift */; };
		C2CF6E5D207E629C002EBE41 /* PopAnimator.swift in Sources */ = {isa = PBXBuildFile; fileRef = C2CF6E5C207E629C002EBE41 /* PopAnimator.swift */; };
		C2DBCB381FBCC18A003A8B82 /* WikipediaAPI.swift in Sources */ = {isa = PBXBuildFile; fileRef = C2DBCB371FBCC18A003A8B82 /* WikipediaAPI.swift */; };
		C2EE32351FB20AD000E7D6EA /* PlanetDetailsViewController.swift in Sources */ = {isa = PBXBuildFile; fileRef = C2EE32341FB20AD000E7D6EA /* PlanetDetailsViewController.swift */; };
		C2EE32391FB21ADA00E7D6EA /* PlanetMediaTableViewCell.swift in Sources */ = {isa = PBXBuildFile; fileRef = C2EE32381FB21ADA00E7D6EA /* PlanetMediaTableViewCell.swift */; };
		C2EE323B1FB21EEB00E7D6EA /* PlanetMediaCollectionViewCell.swift in Sources */ = {isa = PBXBuildFile; fileRef = C2EE323A1FB21EEB00E7D6EA /* PlanetMediaCollectionViewCell.swift */; };
		C2FE4CC91FDF71090013EF43 /* Query.swift in Sources */ = {isa = PBXBuildFile; fileRef = C2FE4CC81FDF71090013EF43 /* Query.swift */; };
/* End PBXBuildFile section */

/* Begin PBXFileReference section */
		8E3AE276991C73DC45BBA81C /* Pods-SolarSystem.release.xcconfig */ = {isa = PBXFileReference; includeInIndex = 1; lastKnownFileType = text.xcconfig; name = "Pods-SolarSystem.release.xcconfig"; path = "Pods/Target Support Files/Pods-SolarSystem/Pods-SolarSystem.release.xcconfig"; sourceTree = "<group>"; };
		C205DA8120CC56B200A8C735 /* PlanetImageTableViewCell.swift */ = {isa = PBXFileReference; lastKnownFileType = sourcecode.swift; path = PlanetImageTableViewCell.swift; sourceTree = "<group>"; };
		C205DA8320CC593800A8C735 /* UILabel+Extensions.swift */ = {isa = PBXFileReference; lastKnownFileType = sourcecode.swift; path = "UILabel+Extensions.swift"; sourceTree = "<group>"; };
		C207130E1FB4B0D9009EE245 /* Video.swift */ = {isa = PBXFileReference; lastKnownFileType = sourcecode.swift; path = Video.swift; sourceTree = "<group>"; };
		C21600FB1FBCA9CD00DB3343 /* Networking.swift */ = {isa = PBXFileReference; lastKnownFileType = sourcecode.swift; path = Networking.swift; sourceTree = "<group>"; };
		C21600FD1FBCAEA200DB3343 /* NASAAPI.swift */ = {isa = PBXFileReference; lastKnownFileType = sourcecode.swift; path = NASAAPI.swift; sourceTree = "<group>"; };
		C223B2651FBE358F00398211 /* WikiResponse.swift */ = {isa = PBXFileReference; lastKnownFileType = sourcecode.swift; path = WikiResponse.swift; sourceTree = "<group>"; };
		C223B2671FBE35D100398211 /* NormalizedQuery.swift */ = {isa = PBXFileReference; lastKnownFileType = sourcecode.swift; path = NormalizedQuery.swift; sourceTree = "<group>"; };
		C223B2691FBE364800398211 /* Pages.swift */ = {isa = PBXFileReference; lastKnownFileType = sourcecode.swift; path = Pages.swift; sourceTree = "<group>"; };
		C223B26B1FBE367500398211 /* PageNumber.swift */ = {isa = PBXFileReference; lastKnownFileType = sourcecode.swift; path = PageNumber.swift; sourceTree = "<group>"; };
		C23870C22059D4F50001A029 /* UIView+Extensions.swift */ = {isa = PBXFileReference; lastKnownFileType = sourcecode.swift; path = "UIView+Extensions.swift"; sourceTree = "<group>"; };
		C25F9D7F20A79A0E0003E4E1 /* marsTexture.jpg */ = {isa = PBXFileReference; lastKnownFileType = image.jpeg; name = marsTexture.jpg; path = ARKitSampleApp/ARKitSampleApp/marsTexture.jpg; sourceTree = SOURCE_ROOT; };
		C25F9D8020A79A0E0003E4E1 /* venusTexture.jpg */ = {isa = PBXFileReference; lastKnownFileType = image.jpeg; name = venusTexture.jpg; path = ARKitSampleApp/ARKitSampleApp/venusTexture.jpg; sourceTree = SOURCE_ROOT; };
		C25F9D8120A79A0E0003E4E1 /* sunTexture.jpg */ = {isa = PBXFileReference; lastKnownFileType = image.jpeg; name = sunTexture.jpg; path = ARKitSampleApp/ARKitSampleApp/sunTexture.jpg; sourceTree = SOURCE_ROOT; };
		C25F9D8220A79A0E0003E4E1 /* saturnTexture.jpg */ = {isa = PBXFileReference; lastKnownFileType = image.jpeg; name = saturnTexture.jpg; path = ARKitSampleApp/ARKitSampleApp/saturnTexture.jpg; sourceTree = SOURCE_ROOT; };
		C25F9D8320A79A0F0003E4E1 /* saturnRingTexture2.jpg */ = {isa = PBXFileReference; lastKnownFileType = image.jpeg; name = saturnRingTexture2.jpg; path = ARKitSampleApp/ARKitSampleApp/saturnRingTexture2.jpg; sourceTree = SOURCE_ROOT; };
		C25F9D8420A79A0F0003E4E1 /* uranusTexture.jpg */ = {isa = PBXFileReference; lastKnownFileType = image.jpeg; name = uranusTexture.jpg; path = ARKitSampleApp/ARKitSampleApp/uranusTexture.jpg; sourceTree = SOURCE_ROOT; };
		C25F9D8520A79A0F0003E4E1 /* neptuneTexture.jpg */ = {isa = PBXFileReference; lastKnownFileType = image.jpeg; name = neptuneTexture.jpg; path = ARKitSampleApp/ARKitSampleApp/neptuneTexture.jpg; sourceTree = SOURCE_ROOT; };
		C25F9D8620A79A0F0003E4E1 /* mercuryTexture.jpg */ = {isa = PBXFileReference; lastKnownFileType = image.jpeg; name = mercuryTexture.jpg; path = ARKitSampleApp/ARKitSampleApp/mercuryTexture.jpg; sourceTree = SOURCE_ROOT; };
		C25F9D8720A79A0F0003E4E1 /* jupiterTexture.jpg */ = {isa = PBXFileReference; lastKnownFileType = image.jpeg; name = jupiterTexture.jpg; path = ARKitSampleApp/ARKitSampleApp/jupiterTexture.jpg; sourceTree = SOURCE_ROOT; };
		C25F9D8820A79A0F0003E4E1 /* earthTexture.jpg */ = {isa = PBXFileReference; lastKnownFileType = image.jpeg; name = earthTexture.jpg; path = ARKitSampleApp/ARKitSampleApp/earthTexture.jpg; sourceTree = SOURCE_ROOT; };
		C25F9D9520A79A240003E4E1 /* SceneKit Scene.scn */ = {isa = PBXFileReference; lastKnownFileType = file.bplist; name = "SceneKit Scene.scn"; path = "ARKitSampleApp/ARKitSampleApp/SceneKit Scene.scn"; sourceTree = SOURCE_ROOT; };
		C2623C08202B4A5800B54ECE /* Planet.swift */ = {isa = PBXFileReference; lastKnownFileType = sourcecode.swift; path = Planet.swift; sourceTree = "<group>"; };
		C266D3461FD8437B00C68066 /* PlanetInfoTableViewCell.swift */ = {isa = PBXFileReference; lastKnownFileType = sourcecode.swift; path = PlanetInfoTableViewCell.swift; sourceTree = "<group>"; };
		C28B99491FD85BFE008043CC /* PlanetInfoViewController.swift */ = {isa = PBXFileReference; lastKnownFileType = sourcecode.swift; path = PlanetInfoViewController.swift; sourceTree = "<group>"; };
		C2984A601FB3573800F85B2F /* Details.storyboard */ = {isa = PBXFileReference; lastKnownFileType = file.storyboard; path = Details.storyboard; sourceTree = "<group>"; };
		C2984A641FB3654E00F85B2F /* PhotoViewController.swift */ = {isa = PBXFileReference; lastKnownFileType = sourcecode.swift; path = PhotoViewController.swift; sourceTree = "<group>"; };
		C2984A661FB366F600F85B2F /* PhotoCollectionViewCell.swift */ = {isa = PBXFileReference; lastKnownFileType = sourcecode.swift; path = PhotoCollectionViewCell.swift; sourceTree = "<group>"; };
		C2C9438C1FB0AE990041FC67 /* SolarSystem.app */ = {isa = PBXFileReference; explicitFileType = wrapper.application; includeInIndex = 0; path = SolarSystem.app; sourceTree = BUILT_PRODUCTS_DIR; };
		C2C9438F1FB0AE990041FC67 /* AppDelegate.swift */ = {isa = PBXFileReference; lastKnownFileType = sourcecode.swift; path = AppDelegate.swift; sourceTree = "<group>"; };
		C2C943911FB0AE990041FC67 /* art.scnassets */ = {isa = PBXFileReference; lastKnownFileType = wrapper.scnassets; path = art.scnassets; sourceTree = "<group>"; };
		C2C943931FB0AE990041FC67 /* ARViewController.swift */ = {isa = PBXFileReference; lastKnownFileType = sourcecode.swift; path = ARViewController.swift; sourceTree = "<group>"; };
		C2C943961FB0AE990041FC67 /* Base */ = {isa = PBXFileReference; lastKnownFileType = file.storyboard; name = Base; path = Base.lproj/Main.storyboard; sourceTree = "<group>"; };
		C2C943981FB0AE990041FC67 /* Assets.xcassets */ = {isa = PBXFileReference; lastKnownFileType = folder.assetcatalog; path = Assets.xcassets; sourceTree = "<group>"; };
		C2C9439B1FB0AE990041FC67 /* Base */ = {isa = PBXFileReference; lastKnownFileType = file.storyboard; name = Base; path = Base.lproj/LaunchScreen.storyboard; sourceTree = "<group>"; };
		C2C9439D1FB0AE990041FC67 /* Info.plist */ = {isa = PBXFileReference; lastKnownFileType = text.plist.xml; path = Info.plist; sourceTree = "<group>"; };
		C2C943A31FB0BAB60041FC67 /* PlanetsCollectionViewController.swift */ = {isa = PBXFileReference; lastKnownFileType = sourcecode.swift; path = PlanetsCollectionViewController.swift; sourceTree = "<group>"; };
		C2C943A51FB0C7F30041FC67 /* PlanetsCollectionViewCell.swift */ = {isa = PBXFileReference; lastKnownFileType = sourcecode.swift; path = PlanetsCollectionViewCell.swift; sourceTree = "<group>"; };
		C2CF6E5C207E629C002EBE41 /* PopAnimator.swift */ = {isa = PBXFileReference; lastKnownFileType = sourcecode.swift; path = PopAnimator.swift; sourceTree = "<group>"; };
		C2DBCB371FBCC18A003A8B82 /* WikipediaAPI.swift */ = {isa = PBXFileReference; lastKnownFileType = sourcecode.swift; path = WikipediaAPI.swift; sourceTree = "<group>"; };
		C2EE32341FB20AD000E7D6EA /* PlanetDetailsViewController.swift */ = {isa = PBXFileReference; lastKnownFileType = sourcecode.swift; path = PlanetDetailsViewController.swift; sourceTree = "<group>"; };
		C2EE32381FB21ADA00E7D6EA /* PlanetMediaTableViewCell.swift */ = {isa = PBXFileReference; lastKnownFileType = sourcecode.swift; path = PlanetMediaTableViewCell.swift; sourceTree = "<group>"; };
		C2EE323A1FB21EEB00E7D6EA /* PlanetMediaCollectionViewCell.swift */ = {isa = PBXFileReference; lastKnownFileType = sourcecode.swift; path = PlanetMediaCollectionViewCell.swift; sourceTree = "<group>"; };
		C2FE4CC81FDF71090013EF43 /* Query.swift */ = {isa = PBXFileReference; lastKnownFileType = sourcecode.swift; path = Query.swift; sourceTree = "<group>"; };
		CB90CC514A4C2BD1243260E5 /* Pods_SolarSystem.framework */ = {isa = PBXFileReference; explicitFileType = wrapper.framework; includeInIndex = 0; path = Pods_SolarSystem.framework; sourceTree = BUILT_PRODUCTS_DIR; };
		FF3013B5E87C8C8383176FEF /* Pods-SolarSystem.debug.xcconfig */ = {isa = PBXFileReference; includeInIndex = 1; lastKnownFileType = text.xcconfig; name = "Pods-SolarSystem.debug.xcconfig"; path = "Pods/Target Support Files/Pods-SolarSystem/Pods-SolarSystem.debug.xcconfig"; sourceTree = "<group>"; };
/* End PBXFileReference section */

/* Begin PBXFrameworksBuildPhase section */
		C2C943891FB0AE990041FC67 /* Frameworks */ = {
			isa = PBXFrameworksBuildPhase;
			buildActionMask = 2147483647;
			files = (
				38DA03BADDDFB9D030E98346 /* Pods_SolarSystem.framework in Frameworks */,
			);
			runOnlyForDeploymentPostprocessing = 0;
		};
/* End PBXFrameworksBuildPhase section */

/* Begin PBXGroup section */
		70C9C378BC43B28DD00DA393 /* Pods */ = {
			isa = PBXGroup;
			children = (
				FF3013B5E87C8C8383176FEF /* Pods-SolarSystem.debug.xcconfig */,
				8E3AE276991C73DC45BBA81C /* Pods-SolarSystem.release.xcconfig */,
			);
			name = Pods;
			sourceTree = "<group>";
		};
		A85B047ECEA4170C1FD92743 /* Frameworks */ = {
			isa = PBXGroup;
			children = (
				CB90CC514A4C2BD1243260E5 /* Pods_SolarSystem.framework */,
			);
			name = Frameworks;
			sourceTree = "<group>";
		};
		C207130D1FB4AE0F009EE245 /* Utilities */ = {
			isa = PBXGroup;
			children = (
				C207130E1FB4B0D9009EE245 /* Video.swift */,
			);
			name = Utilities;
			sourceTree = "<group>";
		};
		C23870BD2059D2BA0001A029 /* Extensions */ = {
			isa = PBXGroup;
			children = (
				C23870C22059D4F50001A029 /* UIView+Extensions.swift */,
				C205DA8320CC593800A8C735 /* UILabel+Extensions.swift */,
			);
			path = Extensions;
			sourceTree = "<group>";
		};
		C23870BE2059D2D40001A029 /* Controller */ = {
			isa = PBXGroup;
			children = (
				C28B99491FD85BFE008043CC /* PlanetInfoViewController.swift */,
				C2984A641FB3654E00F85B2F /* PhotoViewController.swift */,
				C2EE32341FB20AD000E7D6EA /* PlanetDetailsViewController.swift */,
				C2C943A31FB0BAB60041FC67 /* PlanetsCollectionViewController.swift */,
			);
			path = Controller;
			sourceTree = "<group>";
		};
		C23870BF2059D2F30001A029 /* Presentation */ = {
			isa = PBXGroup;
			children = (
				C23870C02059D2FD0001A029 /* Views */,
			);
			path = Presentation;
			sourceTree = "<group>";
		};
		C23870C02059D2FD0001A029 /* Views */ = {
			isa = PBXGroup;
			children = (
				C2984A661FB366F600F85B2F /* PhotoCollectionViewCell.swift */,
				C2EE32381FB21ADA00E7D6EA /* PlanetMediaTableViewCell.swift */,
				C2EE323A1FB21EEB00E7D6EA /* PlanetMediaCollectionViewCell.swift */,
				C266D3461FD8437B00C68066 /* PlanetInfoTableViewCell.swift */,
				C2C943A51FB0C7F30041FC67 /* PlanetsCollectionViewCell.swift */,
				C205DA8120CC56B200A8C735 /* PlanetImageTableViewCell.swift */,
			);
			path = Views;
			sourceTree = "<group>";
		};
		C23870C12059D37E0001A029 /* Data */ = {
			isa = PBXGroup;
			children = (
				C2623C08202B4A5800B54ECE /* Planet.swift */,
			);
			path = Data;
			sourceTree = "<group>";
		};
		C25F9D7E20A799BD0003E4E1 /* Textures */ = {
			isa = PBXGroup;
			children = (
				C25F9D8820A79A0F0003E4E1 /* earthTexture.jpg */,
				C25F9D8720A79A0F0003E4E1 /* jupiterTexture.jpg */,
				C25F9D7F20A79A0E0003E4E1 /* marsTexture.jpg */,
				C25F9D8620A79A0F0003E4E1 /* mercuryTexture.jpg */,
				C25F9D8520A79A0F0003E4E1 /* neptuneTexture.jpg */,
				C25F9D8320A79A0F0003E4E1 /* saturnRingTexture2.jpg */,
				C25F9D8220A79A0E0003E4E1 /* saturnTexture.jpg */,
				C25F9D8120A79A0E0003E4E1 /* sunTexture.jpg */,
				C25F9D8420A79A0F0003E4E1 /* uranusTexture.jpg */,
				C25F9D8020A79A0E0003E4E1 /* venusTexture.jpg */,
			);
			path = Textures;
			sourceTree = "<group>";
		};
		C260D9DE1FBDDC52002497C8 /* API */ = {
			isa = PBXGroup;
			children = (
				C21600FB1FBCA9CD00DB3343 /* Networking.swift */,
				C21600FD1FBCAEA200DB3343 /* NASAAPI.swift */,
				C2DBCB371FBCC18A003A8B82 /* WikipediaAPI.swift */,
				C223B2651FBE358F00398211 /* WikiResponse.swift */,
				C223B2671FBE35D100398211 /* NormalizedQuery.swift */,
				C223B2691FBE364800398211 /* Pages.swift */,
				C223B26B1FBE367500398211 /* PageNumber.swift */,
				C2FE4CC81FDF71090013EF43 /* Query.swift */,
			);
			name = API;
			sourceTree = "<group>";
		};
		C28B994B1FD87D82008043CC /* AR */ = {
			isa = PBXGroup;
			children = (
				C25F9D7E20A799BD0003E4E1 /* Textures */,
				C25F9D9520A79A240003E4E1 /* SceneKit Scene.scn */,
				C2C943931FB0AE990041FC67 /* ARViewController.swift */,
				C2C943911FB0AE990041FC67 /* art.scnassets */,
			);
			path = AR;
			sourceTree = "<group>";
		};
		C28B994C1FD87DE1008043CC /* Storyboards */ = {
			isa = PBXGroup;
			children = (
				C2984A601FB3573800F85B2F /* Details.storyboard */,
				C2C943951FB0AE990041FC67 /* Main.storyboard */,
				C2C9439A1FB0AE990041FC67 /* LaunchScreen.storyboard */,
			);
			path = Storyboards;
			sourceTree = "<group>";
		};
		C2C943831FB0AE990041FC67 = {
			isa = PBXGroup;
			children = (
				C2C9438E1FB0AE990041FC67 /* SolarSystem */,
				C2C9438D1FB0AE990041FC67 /* Products */,
				70C9C378BC43B28DD00DA393 /* Pods */,
				A85B047ECEA4170C1FD92743 /* Frameworks */,
			);
			sourceTree = "<group>";
		};
		C2C9438D1FB0AE990041FC67 /* Products */ = {
			isa = PBXGroup;
			children = (
				C2C9438C1FB0AE990041FC67 /* SolarSystem.app */,
			);
			name = Products;
			sourceTree = "<group>";
		};
		C2C9438E1FB0AE990041FC67 /* SolarSystem */ = {
			isa = PBXGroup;
			children = (
				C2CF6E5C207E629C002EBE41 /* PopAnimator.swift */,
				C23870C12059D37E0001A029 /* Data */,
				C23870BF2059D2F30001A029 /* Presentation */,
				C23870BE2059D2D40001A029 /* Controller */,
				C23870BD2059D2BA0001A029 /* Extensions */,
				C28B994B1FD87D82008043CC /* AR */,
				C207130D1FB4AE0F009EE245 /* Utilities */,
				C28B994C1FD87DE1008043CC /* Storyboards */,
				C2C9438F1FB0AE990041FC67 /* AppDelegate.swift */,
				C260D9DE1FBDDC52002497C8 /* API */,
				C2C943981FB0AE990041FC67 /* Assets.xcassets */,
				C2C9439D1FB0AE990041FC67 /* Info.plist */,
			);
			name = SolarSystem;
			sourceTree = "<group>";
		};
/* End PBXGroup section */

/* Begin PBXNativeTarget section */
		C2C9438B1FB0AE990041FC67 /* SolarSystem */ = {
			isa = PBXNativeTarget;
			buildConfigurationList = C2C943A01FB0AE990041FC67 /* Build configuration list for PBXNativeTarget "SolarSystem" */;
			buildPhases = (
				70DA1887DC71A3439F8CC53C /* [CP] Check Pods Manifest.lock */,
				C2C943881FB0AE990041FC67 /* Sources */,
				C2C943891FB0AE990041FC67 /* Frameworks */,
				C2C9438A1FB0AE990041FC67 /* Resources */,
				637941AB213843B469952D09 /* [CP] Embed Pods Frameworks */,
				AA206E7517A9DE76CFA69B44 /* [CP] Copy Pods Resources */,
			);
			buildRules = (
			);
			dependencies = (
			);
			name = SolarSystem;
			productName = SolarSystem;
			productReference = C2C9438C1FB0AE990041FC67 /* SolarSystem.app */;
			productType = "com.apple.product-type.application";
		};
/* End PBXNativeTarget section */

/* Begin PBXProject section */
		C2C943841FB0AE990041FC67 /* Project object */ = {
			isa = PBXProject;
			attributes = {
				LastSwiftUpdateCheck = 0910;
				LastUpgradeCheck = 0910;
				ORGANIZATIONNAME = "Neha Thakore";
				TargetAttributes = {
					C2C9438B1FB0AE990041FC67 = {
						CreatedOnToolsVersion = 9.1;
						ProvisioningStyle = Automatic;
					};
				};
			};
			buildConfigurationList = C2C943871FB0AE990041FC67 /* Build configuration list for PBXProject "SolarSystem" */;
			compatibilityVersion = "Xcode 8.0";
			developmentRegion = en;
			hasScannedForEncodings = 0;
			knownRegions = (
				en,
				Base,
			);
			mainGroup = C2C943831FB0AE990041FC67;
			productRefGroup = C2C9438D1FB0AE990041FC67 /* Products */;
			projectDirPath = "";
			projectRoot = "";
			targets = (
				C2C9438B1FB0AE990041FC67 /* SolarSystem */,
			);
		};
/* End PBXProject section */

/* Begin PBXResourcesBuildPhase section */
		C2C9438A1FB0AE990041FC67 /* Resources */ = {
			isa = PBXResourcesBuildPhase;
			buildActionMask = 2147483647;
			files = (
				C25F9D8B20A79A0F0003E4E1 /* venusTexture.jpg in Resources */,
				C25F9D8A20A79A0F0003E4E1 /* marsTexture.jpg in Resources */,
				C25F9D9120A79A0F0003E4E1 /* mercuryTexture.jpg in Resources */,
				C2984A611FB3573800F85B2F /* Details.storyboard in Resources */,
				C2C943921FB0AE990041FC67 /* art.scnassets in Resources */,
				C25F9D8C20A79A0F0003E4E1 /* sunTexture.jpg in Resources */,
				C25F9D9020A79A0F0003E4E1 /* neptuneTexture.jpg in Resources */,
				C25F9D8E20A79A0F0003E4E1 /* saturnRingTexture2.jpg in Resources */,
				C25F9D9320A79A0F0003E4E1 /* earthTexture.jpg in Resources */,
				C2C9439C1FB0AE990041FC67 /* LaunchScreen.storyboard in Resources */,
				C2C943991FB0AE990041FC67 /* Assets.xcassets in Resources */,
				C25F9D8D20A79A0F0003E4E1 /* saturnTexture.jpg in Resources */,
				C25F9D9220A79A0F0003E4E1 /* jupiterTexture.jpg in Resources */,
				C25F9D9620A79A240003E4E1 /* SceneKit Scene.scn in Resources */,
				C2C943971FB0AE990041FC67 /* Main.storyboard in Resources */,
				C25F9D8F20A79A0F0003E4E1 /* uranusTexture.jpg in Resources */,
			);
			runOnlyForDeploymentPostprocessing = 0;
		};
/* End PBXResourcesBuildPhase section */

/* Begin PBXShellScriptBuildPhase section */
		637941AB213843B469952D09 /* [CP] Embed Pods Frameworks */ = {
			isa = PBXShellScriptBuildPhase;
			buildActionMask = 2147483647;
			files = (
			);
			inputPaths = (
				"${SRCROOT}/Pods/Target Support Files/Pods-SolarSystem/Pods-SolarSystem-frameworks.sh",
				"${BUILT_PRODUCTS_DIR}/Nuke/Nuke.framework",
			);
			name = "[CP] Embed Pods Frameworks";
			outputPaths = (
				"${TARGET_BUILD_DIR}/${FRAMEWORKS_FOLDER_PATH}/Nuke.framework",
			);
			runOnlyForDeploymentPostprocessing = 0;
			shellPath = /bin/sh;
			shellScript = "\"${SRCROOT}/Pods/Target Support Files/Pods-SolarSystem/Pods-SolarSystem-frameworks.sh\"\n";
			showEnvVarsInLog = 0;
		};
		70DA1887DC71A3439F8CC53C /* [CP] Check Pods Manifest.lock */ = {
			isa = PBXShellScriptBuildPhase;
			buildActionMask = 2147483647;
			files = (
			);
			inputPaths = (
				"${PODS_PODFILE_DIR_PATH}/Podfile.lock",
				"${PODS_ROOT}/Manifest.lock",
			);
			name = "[CP] Check Pods Manifest.lock";
			outputPaths = (
				"$(DERIVED_FILE_DIR)/Pods-SolarSystem-checkManifestLockResult.txt",
			);
			runOnlyForDeploymentPostprocessing = 0;
			shellPath = /bin/sh;
			shellScript = "diff \"${PODS_PODFILE_DIR_PATH}/Podfile.lock\" \"${PODS_ROOT}/Manifest.lock\" > /dev/null\nif [ $? != 0 ] ; then\n    # print error to STDERR\n    echo \"error: The sandbox is not in sync with the Podfile.lock. Run 'pod install' or update your CocoaPods installation.\" >&2\n    exit 1\nfi\n# This output is used by Xcode 'outputs' to avoid re-running this script phase.\necho \"SUCCESS\" > \"${SCRIPT_OUTPUT_FILE_0}\"\n";
			showEnvVarsInLog = 0;
		};
		AA206E7517A9DE76CFA69B44 /* [CP] Copy Pods Resources */ = {
			isa = PBXShellScriptBuildPhase;
			buildActionMask = 2147483647;
			files = (
			);
			inputPaths = (
			);
			name = "[CP] Copy Pods Resources";
			outputPaths = (
			);
			runOnlyForDeploymentPostprocessing = 0;
			shellPath = /bin/sh;
			shellScript = "\"${SRCROOT}/Pods/Target Support Files/Pods-SolarSystem/Pods-SolarSystem-resources.sh\"\n";
			showEnvVarsInLog = 0;
		};
/* End PBXShellScriptBuildPhase section */

/* Begin PBXSourcesBuildPhase section */
		C2C943881FB0AE990041FC67 /* Sources */ = {
			isa = PBXSourcesBuildPhase;
			buildActionMask = 2147483647;
			files = (
				C2CF6E5D207E629C002EBE41 /* PopAnimator.swift in Sources */,
				C223B2661FBE358F00398211 /* WikiResponse.swift in Sources */,
				C2FE4CC91FDF71090013EF43 /* Query.swift in Sources */,
				C2C943A61FB0C7F30041FC67 /* PlanetsCollectionViewCell.swift in Sources */,
				C2EE323B1FB21EEB00E7D6EA /* PlanetMediaCollectionViewCell.swift in Sources */,
				C2C943A41FB0BAB60041FC67 /* PlanetsCollectionViewController.swift in Sources */,
				C205DA8420CC593800A8C735 /* UILabel+Extensions.swift in Sources */,
				C2623C09202B4A5800B54ECE /* Planet.swift in Sources */,
				C21600FC1FBCA9CD00DB3343 /* Networking.swift in Sources */,
				C266D3471FD8437B00C68066 /* PlanetInfoTableViewCell.swift in Sources */,
				C223B26A1FBE364800398211 /* Pages.swift in Sources */,
				C2C943941FB0AE990041FC67 /* ARViewController.swift in Sources */,
				C205DA8220CC56B200A8C735 /* PlanetImageTableViewCell.swift in Sources */,
				C23870C32059D4F50001A029 /* UIView+Extensions.swift in Sources */,
				C2984A671FB366F600F85B2F /* PhotoCollectionViewCell.swift in Sources */,
				C2DBCB381FBCC18A003A8B82 /* WikipediaAPI.swift in Sources */,
				C2C943901FB0AE990041FC67 /* AppDelegate.swift in Sources */,
				C28B994A1FD85BFE008043CC /* PlanetInfoViewController.swift in Sources */,
				C2EE32351FB20AD000E7D6EA /* PlanetDetailsViewController.swift in Sources */,
				C223B26C1FBE367500398211 /* PageNumber.swift in Sources */,
				C207130F1FB4B0D9009EE245 /* Video.swift in Sources */,
				C2EE32391FB21ADA00E7D6EA /* PlanetMediaTableViewCell.swift in Sources */,
				C21600FE1FBCAEA200DB3343 /* NASAAPI.swift in Sources */,
				C223B2681FBE35D100398211 /* NormalizedQuery.swift in Sources */,
				C2984A651FB3654E00F85B2F /* PhotoViewController.swift in Sources */,
			);
			runOnlyForDeploymentPostprocessing = 0;
		};
/* End PBXSourcesBuildPhase section */

/* Begin PBXVariantGroup section */
		C2C943951FB0AE990041FC67 /* Main.storyboard */ = {
			isa = PBXVariantGroup;
			children = (
				C2C943961FB0AE990041FC67 /* Base */,
			);
			name = Main.storyboard;
			sourceTree = "<group>";
		};
		C2C9439A1FB0AE990041FC67 /* LaunchScreen.storyboard */ = {
			isa = PBXVariantGroup;
			children = (
				C2C9439B1FB0AE990041FC67 /* Base */,
			);
			name = LaunchScreen.storyboard;
			sourceTree = "<group>";
		};
/* End PBXVariantGroup section */

/* Begin XCBuildConfiguration section */
		C2C9439E1FB0AE990041FC67 /* Debug */ = {
			isa = XCBuildConfiguration;
			buildSettings = {
				ALWAYS_SEARCH_USER_PATHS = NO;
				CLANG_ANALYZER_NONNULL = YES;
				CLANG_ANALYZER_NUMBER_OBJECT_CONVERSION = YES_AGGRESSIVE;
				CLANG_CXX_LANGUAGE_STANDARD = "gnu++14";
				CLANG_CXX_LIBRARY = "libc++";
				CLANG_ENABLE_MODULES = YES;
				CLANG_ENABLE_OBJC_ARC = YES;
				CLANG_WARN_BLOCK_CAPTURE_AUTORELEASING = YES;
				CLANG_WARN_BOOL_CONVERSION = YES;
				CLANG_WARN_COMMA = YES;
				CLANG_WARN_CONSTANT_CONVERSION = YES;
				CLANG_WARN_DIRECT_OBJC_ISA_USAGE = YES_ERROR;
				CLANG_WARN_DOCUMENTATION_COMMENTS = YES;
				CLANG_WARN_EMPTY_BODY = YES;
				CLANG_WARN_ENUM_CONVERSION = YES;
				CLANG_WARN_INFINITE_RECURSION = YES;
				CLANG_WARN_INT_CONVERSION = YES;
				CLANG_WARN_NON_LITERAL_NULL_CONVERSION = YES;
				CLANG_WARN_OBJC_LITERAL_CONVERSION = YES;
				CLANG_WARN_OBJC_ROOT_CLASS = YES_ERROR;
				CLANG_WARN_RANGE_LOOP_ANALYSIS = YES;
				CLANG_WARN_STRICT_PROTOTYPES = YES;
				CLANG_WARN_SUSPICIOUS_MOVE = YES;
				CLANG_WARN_UNGUARDED_AVAILABILITY = YES_AGGRESSIVE;
				CLANG_WARN_UNREACHABLE_CODE = YES;
				CLANG_WARN__DUPLICATE_METHOD_MATCH = YES;
				CODE_SIGN_IDENTITY = "iPhone Developer";
				COPY_PHASE_STRIP = NO;
				DEBUG_INFORMATION_FORMAT = dwarf;
				ENABLE_STRICT_OBJC_MSGSEND = YES;
				ENABLE_TESTABILITY = YES;
				GCC_C_LANGUAGE_STANDARD = gnu11;
				GCC_DYNAMIC_NO_PIC = NO;
				GCC_NO_COMMON_BLOCKS = YES;
				GCC_OPTIMIZATION_LEVEL = 0;
				GCC_PREPROCESSOR_DEFINITIONS = (
					"DEBUG=1",
					"$(inherited)",
				);
				GCC_WARN_64_TO_32_BIT_CONVERSION = YES;
				GCC_WARN_ABOUT_RETURN_TYPE = YES_ERROR;
				GCC_WARN_UNDECLARED_SELECTOR = YES;
				GCC_WARN_UNINITIALIZED_AUTOS = YES_AGGRESSIVE;
				GCC_WARN_UNUSED_FUNCTION = YES;
				GCC_WARN_UNUSED_VARIABLE = YES;
				IPHONEOS_DEPLOYMENT_TARGET = 11.1;
				MTL_ENABLE_DEBUG_INFO = YES;
				ONLY_ACTIVE_ARCH = YES;
				SDKROOT = iphoneos;
				SWIFT_ACTIVE_COMPILATION_CONDITIONS = DEBUG;
				SWIFT_OPTIMIZATION_LEVEL = "-Onone";
			};
			name = Debug;
		};
		C2C9439F1FB0AE990041FC67 /* Release */ = {
			isa = XCBuildConfiguration;
			buildSettings = {
				ALWAYS_SEARCH_USER_PATHS = NO;
				CLANG_ANALYZER_NONNULL = YES;
				CLANG_ANALYZER_NUMBER_OBJECT_CONVERSION = YES_AGGRESSIVE;
				CLANG_CXX_LANGUAGE_STANDARD = "gnu++14";
				CLANG_CXX_LIBRARY = "libc++";
				CLANG_ENABLE_MODULES = YES;
				CLANG_ENABLE_OBJC_ARC = YES;
				CLANG_WARN_BLOCK_CAPTURE_AUTORELEASING = YES;
				CLANG_WARN_BOOL_CONVERSION = YES;
				CLANG_WARN_COMMA = YES;
				CLANG_WARN_CONSTANT_CONVERSION = YES;
				CLANG_WARN_DIRECT_OBJC_ISA_USAGE = YES_ERROR;
				CLANG_WARN_DOCUMENTATION_COMMENTS = YES;
				CLANG_WARN_EMPTY_BODY = YES;
				CLANG_WARN_ENUM_CONVERSION = YES;
				CLANG_WARN_INFINITE_RECURSION = YES;
				CLANG_WARN_INT_CONVERSION = YES;
				CLANG_WARN_NON_LITERAL_NULL_CONVERSION = YES;
				CLANG_WARN_OBJC_LITERAL_CONVERSION = YES;
				CLANG_WARN_OBJC_ROOT_CLASS = YES_ERROR;
				CLANG_WARN_RANGE_LOOP_ANALYSIS = YES;
				CLANG_WARN_STRICT_PROTOTYPES = YES;
				CLANG_WARN_SUSPICIOUS_MOVE = YES;
				CLANG_WARN_UNGUARDED_AVAILABILITY = YES_AGGRESSIVE;
				CLANG_WARN_UNREACHABLE_CODE = YES;
				CLANG_WARN__DUPLICATE_METHOD_MATCH = YES;
				CODE_SIGN_IDENTITY = "iPhone Developer";
				COPY_PHASE_STRIP = NO;
				DEBUG_INFORMATION_FORMAT = "dwarf-with-dsym";
				ENABLE_NS_ASSERTIONS = NO;
				ENABLE_STRICT_OBJC_MSGSEND = YES;
				GCC_C_LANGUAGE_STANDARD = gnu11;
				GCC_NO_COMMON_BLOCKS = YES;
				GCC_WARN_64_TO_32_BIT_CONVERSION = YES;
				GCC_WARN_ABOUT_RETURN_TYPE = YES_ERROR;
				GCC_WARN_UNDECLARED_SELECTOR = YES;
				GCC_WARN_UNINITIALIZED_AUTOS = YES_AGGRESSIVE;
				GCC_WARN_UNUSED_FUNCTION = YES;
				GCC_WARN_UNUSED_VARIABLE = YES;
				IPHONEOS_DEPLOYMENT_TARGET = 11.1;
				MTL_ENABLE_DEBUG_INFO = NO;
				SDKROOT = iphoneos;
				SWIFT_OPTIMIZATION_LEVEL = "-Owholemodule";
				VALIDATE_PRODUCT = YES;
			};
			name = Release;
		};
		C2C943A11FB0AE990041FC67 /* Debug */ = {
			isa = XCBuildConfiguration;
			baseConfigurationReference = FF3013B5E87C8C8383176FEF /* Pods-SolarSystem.debug.xcconfig */;
			buildSettings = {
				ASSETCATALOG_COMPILER_APPICON_NAME = AppIcon;
				CODE_SIGN_STYLE = Automatic;
				DEVELOPMENT_TEAM = VW3L3JGJL6;
				INFOPLIST_FILE = "$(SRCROOT)/Info.plist";
				LD_RUNPATH_SEARCH_PATHS = "$(inherited) @executable_path/Frameworks";
				PRODUCT_BUNDLE_IDENTIFIER = com.NehaThakore.SolarSystem;
				PRODUCT_NAME = "$(TARGET_NAME)";
				SWIFT_VERSION = 4.0;
				TARGETED_DEVICE_FAMILY = "1,2";
			};
			name = Debug;
		};
		C2C943A21FB0AE990041FC67 /* Release */ = {
			isa = XCBuildConfiguration;
			baseConfigurationReference = 8E3AE276991C73DC45BBA81C /* Pods-SolarSystem.release.xcconfig */;
			buildSettings = {
				ASSETCATALOG_COMPILER_APPICON_NAME = AppIcon;
				CODE_SIGN_STYLE = Automatic;
				DEVELOPMENT_TEAM = VW3L3JGJL6;
				INFOPLIST_FILE = "$(SRCROOT)/Info.plist";
				LD_RUNPATH_SEARCH_PATHS = "$(inherited) @executable_path/Frameworks";
				PRODUCT_BUNDLE_IDENTIFIER = com.NehaThakore.SolarSystem;
				PRODUCT_NAME = "$(TARGET_NAME)";
				SWIFT_VERSION = 4.0;
				TARGETED_DEVICE_FAMILY = "1,2";
			};
			name = Release;
		};
/* End XCBuildConfiguration section */

/* Begin XCConfigurationList section */
		C2C943871FB0AE990041FC67 /* Build configuration list for PBXProject "SolarSystem" */ = {
			isa = XCConfigurationList;
			buildConfigurations = (
				C2C9439E1FB0AE990041FC67 /* Debug */,
				C2C9439F1FB0AE990041FC67 /* Release */,
			);
			defaultConfigurationIsVisible = 0;
			defaultConfigurationName = Release;
		};
		C2C943A01FB0AE990041FC67 /* Build configuration list for PBXNativeTarget "SolarSystem" */ = {
			isa = XCConfigurationList;
			buildConfigurations = (
				C2C943A11FB0AE990041FC67 /* Debug */,
				C2C943A21FB0AE990041FC67 /* Release */,
			);
			defaultConfigurationIsVisible = 0;
			defaultConfigurationName = Release;
		};
/* End XCConfigurationList section */
	};
	rootObject = C2C943841FB0AE990041FC67 /* Project object */;
}
