// !$*UTF8*$!
{
	archiveVersion = 1;
	classes = {
	};
	objectVersion = 50;
	objects = {

/* Begin PBXBuildFile section */
		C216EDE2208792EB0073F6BE /* AppDelegate.swift in Sources */ = {isa = PBXBuildFile; fileRef = C216EDE1208792EB0073F6BE /* AppDelegate.swift */; };
		C216EDE4208792EB0073F6BE /* ViewController.swift in Sources */ = {isa = PBXBuildFile; fileRef = C216EDE3208792EB0073F6BE /* ViewController.swift */; };
		C216EDE7208792EB0073F6BE /* Main.storyboard in Resources */ = {isa = PBXBuildFile; fileRef = C216EDE5208792EB0073F6BE /* Main.storyboard */; };
		C216EDE9208792EC0073F6BE /* Assets.xcassets in Resources */ = {isa = PBXBuildFile; fileRef = C216EDE8208792EC0073F6BE /* Assets.xcassets */; };
		C216EDEC208792EC0073F6BE /* LaunchScreen.storyboard in Resources */ = {isa = PBXBuildFile; fileRef = C216EDEA208792EC0073F6BE /* LaunchScreen.storyboard */; };
		C216EDF42087D0C70073F6BE /* SceneKit Scene.scn in Resources */ = {isa = PBXBuildFile; fileRef = C216EDF32087D0C70073F6BE /* SceneKit Scene.scn */; };
		C2D2BFCE208BBEE100FC2007 /* earthTexture.jpg in Resources */ = {isa = PBXBuildFile; fileRef = C2D2BFCD208BBEE100FC2007 /* earthTexture.jpg */; };
		C2D2BFD3208BC85C00FC2007 /* mercuryTexture.jpg in Resources */ = {isa = PBXBuildFile; fileRef = C2D2BFCF208BC85B00FC2007 /* mercuryTexture.jpg */; };
		C2D2BFD4208BC85C00FC2007 /* marsTexture.jpg in Resources */ = {isa = PBXBuildFile; fileRef = C2D2BFD0208BC85B00FC2007 /* marsTexture.jpg */; };
		C2D2BFD5208BC85C00FC2007 /* jupiterTexture.jpg in Resources */ = {isa = PBXBuildFile; fileRef = C2D2BFD1208BC85C00FC2007 /* jupiterTexture.jpg */; };
		C2D2BFD6208BC85C00FC2007 /* neptuneTexture.jpg in Resources */ = {isa = PBXBuildFile; fileRef = C2D2BFD2208BC85C00FC2007 /* neptuneTexture.jpg */; };
		C2D2BFD8208BC86F00FC2007 /* saturnTexture.jpg in Resources */ = {isa = PBXBuildFile; fileRef = C2D2BFD7208BC86F00FC2007 /* saturnTexture.jpg */; };
		C2D2BFDC208BC87C00FC2007 /* uranusTexture.jpg in Resources */ = {isa = PBXBuildFile; fileRef = C2D2BFD9208BC87B00FC2007 /* uranusTexture.jpg */; };
		C2D2BFDD208BC87C00FC2007 /* sunTexture.jpg in Resources */ = {isa = PBXBuildFile; fileRef = C2D2BFDA208BC87B00FC2007 /* sunTexture.jpg */; };
		C2D2BFDE208BC87C00FC2007 /* venusTexture.jpg in Resources */ = {isa = PBXBuildFile; fileRef = C2D2BFDB208BC87B00FC2007 /* venusTexture.jpg */; };
		C2D2BFE0208BDAFC00FC2007 /* saturnRings.png in Resources */ = {isa = PBXBuildFile; fileRef = C2D2BFDF208BDAFC00FC2007 /* saturnRings.png */; };
		C2F7F216209A6EFB0067A5CA /* saturnRingTexture2.jpg in Resources */ = {isa = PBXBuildFile; fileRef = C2F7F215209A6EFB0067A5CA /* saturnRingTexture2.jpg */; };
/* End PBXBuildFile section */

/* Begin PBXFileReference section */
		C216EDDE208792EB0073F6BE /* ARKitSampleApp.app */ = {isa = PBXFileReference; explicitFileType = wrapper.application; includeInIndex = 0; path = ARKitSampleApp.app; sourceTree = BUILT_PRODUCTS_DIR; };
		C216EDE1208792EB0073F6BE /* AppDelegate.swift */ = {isa = PBXFileReference; lastKnownFileType = sourcecode.swift; path = AppDelegate.swift; sourceTree = "<group>"; };
		C216EDE3208792EB0073F6BE /* ViewController.swift */ = {isa = PBXFileReference; lastKnownFileType = sourcecode.swift; path = ViewController.swift; sourceTree = "<group>"; };
		C216EDE6208792EB0073F6BE /* Base */ = {isa = PBXFileReference; lastKnownFileType = file.storyboard; name = Base; path = Base.lproj/Main.storyboard; sourceTree = "<group>"; };
		C216EDE8208792EC0073F6BE /* Assets.xcassets */ = {isa = PBXFileReference; lastKnownFileType = folder.assetcatalog; path = Assets.xcassets; sourceTree = "<group>"; };
		C216EDEB208792EC0073F6BE /* Base */ = {isa = PBXFileReference; lastKnownFileType = file.storyboard; name = Base; path = Base.lproj/LaunchScreen.storyboard; sourceTree = "<group>"; };
		C216EDED208792EC0073F6BE /* Info.plist */ = {isa = PBXFileReference; lastKnownFileType = text.plist.xml; path = Info.plist; sourceTree = "<group>"; };
		C216EDF32087D0C70073F6BE /* SceneKit Scene.scn */ = {isa = PBXFileReference; lastKnownFileType = file.bplist; path = "SceneKit Scene.scn"; sourceTree = "<group>"; };
		C2D2BFCD208BBEE100FC2007 /* earthTexture.jpg */ = {isa = PBXFileReference; lastKnownFileType = image.jpeg; path = earthTexture.jpg; sourceTree = "<group>"; };
		C2D2BFCF208BC85B00FC2007 /* mercuryTexture.jpg */ = {isa = PBXFileReference; lastKnownFileType = image.jpeg; path = mercuryTexture.jpg; sourceTree = "<group>"; };
		C2D2BFD0208BC85B00FC2007 /* marsTexture.jpg */ = {isa = PBXFileReference; lastKnownFileType = image.jpeg; path = marsTexture.jpg; sourceTree = "<group>"; };
		C2D2BFD1208BC85C00FC2007 /* jupiterTexture.jpg */ = {isa = PBXFileReference; lastKnownFileType = image.jpeg; path = jupiterTexture.jpg; sourceTree = "<group>"; };
		C2D2BFD2208BC85C00FC2007 /* neptuneTexture.jpg */ = {isa = PBXFileReference; lastKnownFileType = image.jpeg; path = neptuneTexture.jpg; sourceTree = "<group>"; };
		C2D2BFD7208BC86F00FC2007 /* saturnTexture.jpg */ = {isa = PBXFileReference; lastKnownFileType = image.jpeg; path = saturnTexture.jpg; sourceTree = "<group>"; };
		C2D2BFD9208BC87B00FC2007 /* uranusTexture.jpg */ = {isa = PBXFileReference; lastKnownFileType = image.jpeg; path = uranusTexture.jpg; sourceTree = "<group>"; };
		C2D2BFDA208BC87B00FC2007 /* sunTexture.jpg */ = {isa = PBXFileReference; lastKnownFileType = image.jpeg; path = sunTexture.jpg; sourceTree = "<group>"; };
		C2D2BFDB208BC87B00FC2007 /* venusTexture.jpg */ = {isa = PBXFileReference; lastKnownFileType = image.jpeg; path = venusTexture.jpg; sourceTree = "<group>"; };
		C2D2BFDF208BDAFC00FC2007 /* saturnRings.png */ = {isa = PBXFileReference; lastKnownFileType = image.png; path = saturnRings.png; sourceTree = "<group>"; };
		C2F7F215209A6EFB0067A5CA /* saturnRingTexture2.jpg */ = {isa = PBXFileReference; lastKnownFileType = image.jpeg; path = saturnRingTexture2.jpg; sourceTree = "<group>"; };
/* End PBXFileReference section */

/* Begin PBXFrameworksBuildPhase section */
		C216EDDB208792EB0073F6BE /* Frameworks */ = {
			isa = PBXFrameworksBuildPhase;
			buildActionMask = 2147483647;
			files = (
			);
			runOnlyForDeploymentPostprocessing = 0;
		};
/* End PBXFrameworksBuildPhase section */

/* Begin PBXGroup section */
		C216EDD5208792EB0073F6BE = {
			isa = PBXGroup;
			children = (
				C216EDE0208792EB0073F6BE /* ARKitSampleApp */,
				C216EDDF208792EB0073F6BE /* Products */,
			);
			sourceTree = "<group>";
		};
		C216EDDF208792EB0073F6BE /* Products */ = {
			isa = PBXGroup;
			children = (
				C216EDDE208792EB0073F6BE /* ARKitSampleApp.app */,
			);
			name = Products;
			sourceTree = "<group>";
		};
		C216EDE0208792EB0073F6BE /* ARKitSampleApp */ = {
			isa = PBXGroup;
			children = (
				C2D2BFCD208BBEE100FC2007 /* earthTexture.jpg */,
				C2D2BFDA208BC87B00FC2007 /* sunTexture.jpg */,
				C2D2BFD9208BC87B00FC2007 /* uranusTexture.jpg */,
				C2D2BFDB208BC87B00FC2007 /* venusTexture.jpg */,
				C2D2BFD1208BC85C00FC2007 /* jupiterTexture.jpg */,
				C2D2BFD7208BC86F00FC2007 /* saturnTexture.jpg */,
				C2D2BFD0208BC85B00FC2007 /* marsTexture.jpg */,
				C2D2BFCF208BC85B00FC2007 /* mercuryTexture.jpg */,
				C2D2BFD2208BC85C00FC2007 /* neptuneTexture.jpg */,
				C2D2BFDF208BDAFC00FC2007 /* saturnRings.png */,
				C2F7F215209A6EFB0067A5CA /* saturnRingTexture2.jpg */,
				C216EDE1208792EB0073F6BE /* AppDelegate.swift */,
				C216EDE3208792EB0073F6BE /* ViewController.swift */,
				C216EDE5208792EB0073F6BE /* Main.storyboard */,
				C216EDF32087D0C70073F6BE /* SceneKit Scene.scn */,
				C216EDE8208792EC0073F6BE /* Assets.xcassets */,
				C216EDEA208792EC0073F6BE /* LaunchScreen.storyboard */,
				C216EDED208792EC0073F6BE /* Info.plist */,
			);
			path = ARKitSampleApp;
			sourceTree = "<group>";
		};
/* End PBXGroup section */

/* Begin PBXNativeTarget section */
		C216EDDD208792EB0073F6BE /* ARKitSampleApp */ = {
			isa = PBXNativeTarget;
			buildConfigurationList = C216EDF0208792EC0073F6BE /* Build configuration list for PBXNativeTarget "ARKitSampleApp" */;
			buildPhases = (
				C216EDDA208792EB0073F6BE /* Sources */,
				C216EDDB208792EB0073F6BE /* Frameworks */,
				C216EDDC208792EB0073F6BE /* Resources */,
			);
			buildRules = (
			);
			dependencies = (
			);
			name = ARKitSampleApp;
			productName = ARKitSampleApp;
			productReference = C216EDDE208792EB0073F6BE /* ARKitSampleApp.app */;
			productType = "com.apple.product-type.application";
		};
/* End PBXNativeTarget section */

/* Begin PBXProject section */
		C216EDD6208792EB0073F6BE /* Project object */ = {
			isa = PBXProject;
			attributes = {
				LastSwiftUpdateCheck = 0930;
				LastUpgradeCheck = 0930;
				ORGANIZATIONNAME = "Neha Thakore";
				TargetAttributes = {
					C216EDDD208792EB0073F6BE = {
						CreatedOnToolsVersion = 9.3;
					};
				};
			};
			buildConfigurationList = C216EDD9208792EB0073F6BE /* Build configuration list for PBXProject "ARKitSampleApp" */;
			compatibilityVersion = "Xcode 9.3";
			developmentRegion = en;
			hasScannedForEncodings = 0;
			knownRegions = (
				en,
				Base,
			);
			mainGroup = C216EDD5208792EB0073F6BE;
			productRefGroup = C216EDDF208792EB0073F6BE /* Products */;
			projectDirPath = "";
			projectRoot = "";
			targets = (
				C216EDDD208792EB0073F6BE /* ARKitSampleApp */,
			);
		};
/* End PBXProject section */

/* Begin PBXResourcesBuildPhase section */
		C216EDDC208792EB0073F6BE /* Resources */ = {
			isa = PBXResourcesBuildPhase;
			buildActionMask = 2147483647;
			files = (
				C216EDF42087D0C70073F6BE /* SceneKit Scene.scn in Resources */,
				C216EDEC208792EC0073F6BE /* LaunchScreen.storyboard in Resources */,
				C2D2BFD8208BC86F00FC2007 /* saturnTexture.jpg in Resources */,
				C216EDE9208792EC0073F6BE /* Assets.xcassets in Resources */,
				C2D2BFDE208BC87C00FC2007 /* venusTexture.jpg in Resources */,
				C2D2BFDD208BC87C00FC2007 /* sunTexture.jpg in Resources */,
				C2D2BFD3208BC85C00FC2007 /* mercuryTexture.jpg in Resources */,
				C2D2BFCE208BBEE100FC2007 /* earthTexture.jpg in Resources */,
				C2D2BFD5208BC85C00FC2007 /* jupiterTexture.jpg in Resources */,
				C2D2BFD4208BC85C00FC2007 /* marsTexture.jpg in Resources */,
				C2F7F216209A6EFB0067A5CA /* saturnRingTexture2.jpg in Resources */,
				C216EDE7208792EB0073F6BE /* Main.storyboard in Resources */,
				C2D2BFD6208BC85C00FC2007 /* neptuneTexture.jpg in Resources */,
				C2D2BFE0208BDAFC00FC2007 /* saturnRings.png in Resources */,
				C2D2BFDC208BC87C00FC2007 /* uranusTexture.jpg in Resources */,
			);
			runOnlyForDeploymentPostprocessing = 0;
		};
/* End PBXResourcesBuildPhase section */

/* Begin PBXSourcesBuildPhase section */
		C216EDDA208792EB0073F6BE /* Sources */ = {
			isa = PBXSourcesBuildPhase;
			buildActionMask = 2147483647;
			files = (
				C216EDE4208792EB0073F6BE /* ViewController.swift in Sources */,
				C216EDE2208792EB0073F6BE /* AppDelegate.swift in Sources */,
			);
			runOnlyForDeploymentPostprocessing = 0;
		};
/* End PBXSourcesBuildPhase section */

/* Begin PBXVariantGroup section */
		C216EDE5208792EB0073F6BE /* Main.storyboard */ = {
			isa = PBXVariantGroup;
			children = (
				C216EDE6208792EB0073F6BE /* Base */,
			);
			name = Main.storyboard;
			sourceTree = "<group>";
		};
		C216EDEA208792EC0073F6BE /* LaunchScreen.storyboard */ = {
			isa = PBXVariantGroup;
			children = (
				C216EDEB208792EC0073F6BE /* Base */,
			);
			name = LaunchScreen.storyboard;
			sourceTree = "<group>";
		};
/* End PBXVariantGroup section */

/* Begin XCBuildConfiguration section */
		C216EDEE208792EC0073F6BE /* Debug */ = {
			isa = XCBuildConfiguration;
			buildSettings = {
				ALWAYS_SEARCH_USER_PATHS = NO;
				CLANG_ANALYZER_NONNULL = YES;
				CLANG_ANALYZER_NUMBER_OBJECT_CONVERSION = YES_AGGRESSIVE;
				CLANG_CXX_LANGUAGE_STANDARD = "gnu++14";
				CLANG_CXX_LIBRARY = "libc++";
				CLANG_ENABLE_MODULES = YES;
				CLANG_ENABLE_OBJC_ARC = YES;
				CLANG_ENABLE_OBJC_WEAK = YES;
				CLANG_WARN_BLOCK_CAPTURE_AUTORELEASING = YES;
				CLANG_WARN_BOOL_CONVERSION = YES;
				CLANG_WARN_COMMA = YES;
				CLANG_WARN_CONSTANT_CONVERSION = YES;
				CLANG_WARN_DEPRECATED_OBJC_IMPLEMENTATIONS = YES;
				CLANG_WARN_DIRECT_OBJC_ISA_USAGE = YES_ERROR;
				CLANG_WARN_DOCUMENTATION_COMMENTS = YES;
				CLANG_WARN_EMPTY_BODY = YES;
				CLANG_WARN_ENUM_CONVERSION = YES;
				CLANG_WARN_INFINITE_RECURSION = YES;
				CLANG_WARN_INT_CONVERSION = YES;
				CLANG_WARN_NON_LITERAL_NULL_CONVERSION = YES;
				CLANG_WARN_OBJC_IMPLICIT_RETAIN_SELF = YES;
				CLANG_WARN_OBJC_LITERAL_CONVERSION = YES;
				CLANG_WARN_OBJC_ROOT_CLASS = YES_ERROR;
				CLANG_WARN_RANGE_LOOP_ANALYSIS = YES;
				CLANG_WARN_STRICT_PROTOTYPES = YES;
				CLANG_WARN_SUSPICIOUS_MOVE = YES;
				CLANG_WARN_UNGUARDED_AVAILABILITY = YES_AGGRESSIVE;
				CLANG_WARN_UNREACHABLE_CODE = YES;
				CLANG_WARN__DUPLICATE_METHOD_MATCH = YES;
				CODE_SIGN_IDENTITY = "iPhone Developer";
				COPY_PHASE_STRIP = NO;
				DEBUG_INFORMATION_FORMAT = dwarf;
				ENABLE_STRICT_OBJC_MSGSEND = YES;
				ENABLE_TESTABILITY = YES;
				GCC_C_LANGUAGE_STANDARD = gnu11;
				GCC_DYNAMIC_NO_PIC = NO;
				GCC_NO_COMMON_BLOCKS = YES;
				GCC_OPTIMIZATION_LEVEL = 0;
				GCC_PREPROCESSOR_DEFINITIONS = (
					"DEBUG=1",
					"$(inherited)",
				);
				GCC_WARN_64_TO_32_BIT_CONVERSION = YES;
				GCC_WARN_ABOUT_RETURN_TYPE = YES_ERROR;
				GCC_WARN_UNDECLARED_SELECTOR = YES;
				GCC_WARN_UNINITIALIZED_AUTOS = YES_AGGRESSIVE;
				GCC_WARN_UNUSED_FUNCTION = YES;
				GCC_WARN_UNUSED_VARIABLE = YES;
				IPHONEOS_DEPLOYMENT_TARGET = 11.3;
				MTL_ENABLE_DEBUG_INFO = YES;
				ONLY_ACTIVE_ARCH = YES;
				SDKROOT = iphoneos;
				SWIFT_ACTIVE_COMPILATION_CONDITIONS = DEBUG;
				SWIFT_OPTIMIZATION_LEVEL = "-Onone";
			};
			name = Debug;
		};
		C216EDEF208792EC0073F6BE /* Release */ = {
			isa = XCBuildConfiguration;
			buildSettings = {
				ALWAYS_SEARCH_USER_PATHS = NO;
				CLANG_ANALYZER_NONNULL = YES;
				CLANG_ANALYZER_NUMBER_OBJECT_CONVERSION = YES_AGGRESSIVE;
				CLANG_CXX_LANGUAGE_STANDARD = "gnu++14";
				CLANG_CXX_LIBRARY = "libc++";
				CLANG_ENABLE_MODULES = YES;
				CLANG_ENABLE_OBJC_ARC = YES;
				CLANG_ENABLE_OBJC_WEAK = YES;
				CLANG_WARN_BLOCK_CAPTURE_AUTORELEASING = YES;
				CLANG_WARN_BOOL_CONVERSION = YES;
				CLANG_WARN_COMMA = YES;
				CLANG_WARN_CONSTANT_CONVERSION = YES;
				CLANG_WARN_DEPRECATED_OBJC_IMPLEMENTATIONS = YES;
				CLANG_WARN_DIRECT_OBJC_ISA_USAGE = YES_ERROR;
				CLANG_WARN_DOCUMENTATION_COMMENTS = YES;
				CLANG_WARN_EMPTY_BODY = YES;
				CLANG_WARN_ENUM_CONVERSION = YES;
				CLANG_WARN_INFINITE_RECURSION = YES;
				CLANG_WARN_INT_CONVERSION = YES;
				CLANG_WARN_NON_LITERAL_NULL_CONVERSION = YES;
				CLANG_WARN_OBJC_IMPLICIT_RETAIN_SELF = YES;
				CLANG_WARN_OBJC_LITERAL_CONVERSION = YES;
				CLANG_WARN_OBJC_ROOT_CLASS = YES_ERROR;
				CLANG_WARN_RANGE_LOOP_ANALYSIS = YES;
				CLANG_WARN_STRICT_PROTOTYPES = YES;
				CLANG_WARN_SUSPICIOUS_MOVE = YES;
				CLANG_WARN_UNGUARDED_AVAILABILITY = YES_AGGRESSIVE;
				CLANG_WARN_UNREACHABLE_CODE = YES;
				CLANG_WARN__DUPLICATE_METHOD_MATCH = YES;
				CODE_SIGN_IDENTITY = "iPhone Developer";
				COPY_PHASE_STRIP = NO;
				DEBUG_INFORMATION_FORMAT = "dwarf-with-dsym";
				ENABLE_NS_ASSERTIONS = NO;
				ENABLE_STRICT_OBJC_MSGSEND = YES;
				GCC_C_LANGUAGE_STANDARD = gnu11;
				GCC_NO_COMMON_BLOCKS = YES;
				GCC_WARN_64_TO_32_BIT_CONVERSION = YES;
				GCC_WARN_ABOUT_RETURN_TYPE = YES_ERROR;
				GCC_WARN_UNDECLARED_SELECTOR = YES;
				GCC_WARN_UNINITIALIZED_AUTOS = YES_AGGRESSIVE;
				GCC_WARN_UNUSED_FUNCTION = YES;
				GCC_WARN_UNUSED_VARIABLE = YES;
				IPHONEOS_DEPLOYMENT_TARGET = 11.3;
				MTL_ENABLE_DEBUG_INFO = NO;
				SDKROOT = iphoneos;
				SWIFT_COMPILATION_MODE = wholemodule;
				SWIFT_OPTIMIZATION_LEVEL = "-O";
				VALIDATE_PRODUCT = YES;
			};
			name = Release;
		};
		C216EDF1208792EC0073F6BE /* Debug */ = {
			isa = XCBuildConfiguration;
			buildSettings = {
				ASSETCATALOG_COMPILER_APPICON_NAME = AppIcon;
				CODE_SIGN_STYLE = Automatic;
				DEVELOPMENT_TEAM = VW3L3JGJL6;
				INFOPLIST_FILE = ARKitSampleApp/Info.plist;
				LD_RUNPATH_SEARCH_PATHS = (
					"$(inherited)",
					"@executable_path/Frameworks",
				);
				PRODUCT_BUNDLE_IDENTIFIER = com.NehaThakore.ARKitSampleApp;
				PRODUCT_NAME = "$(TARGET_NAME)";
				SWIFT_VERSION = 4.0;
				TARGETED_DEVICE_FAMILY = "1,2";
			};
			name = Debug;
		};
		C216EDF2208792EC0073F6BE /* Release */ = {
			isa = XCBuildConfiguration;
			buildSettings = {
				ASSETCATALOG_COMPILER_APPICON_NAME = AppIcon;
				CODE_SIGN_STYLE = Automatic;
				DEVELOPMENT_TEAM = VW3L3JGJL6;
				INFOPLIST_FILE = ARKitSampleApp/Info.plist;
				LD_RUNPATH_SEARCH_PATHS = (
					"$(inherited)",
					"@executable_path/Frameworks",
				);
				PRODUCT_BUNDLE_IDENTIFIER = com.NehaThakore.ARKitSampleApp;
				PRODUCT_NAME = "$(TARGET_NAME)";
				SWIFT_VERSION = 4.0;
				TARGETED_DEVICE_FAMILY = "1,2";
			};
			name = Release;
		};
/* End XCBuildConfiguration section */

/* Begin XCConfigurationList section */
		C216EDD9208792EB0073F6BE /* Build configuration list for PBXProject "ARKitSampleApp" */ = {
			isa = XCConfigurationList;
			buildConfigurations = (
				C216EDEE208792EC0073F6BE /* Debug */,
				C216EDEF208792EC0073F6BE /* Release */,
			);
			defaultConfigurationIsVisible = 0;
			defaultConfigurationName = Release;
		};
		C216EDF0208792EC0073F6BE /* Build configuration list for PBXNativeTarget "ARKitSampleApp" */ = {
			isa = XCConfigurationList;
			buildConfigurations = (
				C216EDF1208792EC0073F6BE /* Debug */,
				C216EDF2208792EC0073F6BE /* Release */,
			);
			defaultConfigurationIsVisible = 0;
			defaultConfigurationName = Release;
		};
/* End XCConfigurationList section */
	};
	rootObject = C216EDD6208792EB0073F6BE /* Project object */;
}
